
Microsoft Visual Studio Solution File, Format Version 12.00
# Visual Studio 15
VisualStudioVersion = 15.0.27004.2010
MinimumVisualStudioVersion = 10.0.40219.1
Project("{9A19103F-16F7-4668-BE54-9A1E7A4F7556}") = "Quik.Framework", "Quik.Framework\Quik.Framework.csproj", "{A068DB30-3745-44C3-A7C5-DD664AEA236D}"
EndProject
Project("{2150E333-8FDC-42A3-9474-1A3956D46DE8}") = "01-基础设施", "01-基础设施", "{1F0455FF-0C0D-4B1B-BA19-F840FF567630}"
EndProject
Project("{2150E333-8FDC-42A3-9474-1A3956D46DE8}") = "02-数据模型", "02-数据模型", "{3CE9BA5C-1B85-4572-8AD9-BB42ED5F72B8}"
EndProject
Project("{2150E333-8FDC-42A3-9474-1A3956D46DE8}") = "03-应用服务", "03-应用服务", "{23FD9425-2AD3-4562-A572-7E2C4A057C85}"
EndProject
Project("{2150E333-8FDC-42A3-9474-1A3956D46DE8}") = "04-表现层", "04-表现层", "{C770907F-85BE-45CF-8FFF-2063807D321D}"
EndProject
Project("{9A19103F-16F7-4668-BE54-9A1E7A4F7556}") = "Quik.Framework.AppService", "Quik.Framework.AppService\Quik.Framework.AppService.csproj", "{21A0B370-CBEC-4D60-8A22-11B712A26681}"
EndProject
Project("{9A19103F-16F7-4668-BE54-9A1E7A4F7556}") = "Quik.Framework.Entity", "Quik.Framework.Entity\Quik.Framework.Entity.csproj", "{0BA91308-4F20-41BF-82CA-185B7AF930AC}"
EndProject
Project("{9A19103F-16F7-4668-BE54-9A1E7A4F7556}") = "Quik.Framework.Utils", "Quik.Framework.Utils\Quik.Framework.Utils.csproj", "{CC516CA0-79DF-4163-B7BC-D26F83BC339C}"
EndProject
Project("{9A19103F-16F7-4668-BE54-9A1E7A4F7556}") = "Quik.Framework.Web", "Quik.Framework.Web\Quik.Framework.Web.csproj", "{E8D19977-57D1-4460-97CF-0219A293E20A}"
EndProject
Project("{9A19103F-16F7-4668-BE54-9A1E7A4F7556}") = "Quik.Framework.Dto", "Quik.Framework.Dto\Quik.Framework.Dto.csproj", "{790DDD3D-AC4D-4837-8AD7-FFD58937993F}"
EndProject
Project("{FAE04EC0-301F-11D3-BF4B-00C04F79EFBC}") = "Quick.Framework.Layui", "Quick.Framework.Layui\Quick.Framework.Layui.csproj", "{B10EBD6A-D919-4177-B4A8-0195A19AE519}"
EndProject
Global
	GlobalSection(SolutionConfigurationPlatforms) = preSolution
		Debug|Any CPU = Debug|Any CPU
		Release|Any CPU = Release|Any CPU
	EndGlobalSection
	GlobalSection(ProjectConfigurationPlatforms) = postSolution
		{A068DB30-3745-44C3-A7C5-DD664AEA236D}.Debug|Any CPU.ActiveCfg = Debug|Any CPU
		{A068DB30-3745-44C3-A7C5-DD664AEA236D}.Debug|Any CPU.Build.0 = Debug|Any CPU
		{A068DB30-3745-44C3-A7C5-DD664AEA236D}.Release|Any CPU.ActiveCfg = Release|Any CPU
		{A068DB30-3745-44C3-A7C5-DD664AEA236D}.Release|Any CPU.Build.0 = Release|Any CPU
		{21A0B370-CBEC-4D60-8A22-11B712A26681}.Debug|Any CPU.ActiveCfg = Debug|Any CPU
		{21A0B370-CBEC-4D60-8A22-11B712A26681}.Debug|Any CPU.Build.0 = Debug|Any CPU
		{21A0B370-CBEC-4D60-8A22-11B712A26681}.Release|Any CPU.ActiveCfg = Release|Any CPU
		{21A0B370-CBEC-4D60-8A22-11B712A26681}.Release|Any CPU.Build.0 = Release|Any CPU
		{0BA91308-4F20-41BF-82CA-185B7AF930AC}.Debug|Any CPU.ActiveCfg = Debug|Any CPU
		{0BA91308-4F20-41BF-82CA-185B7AF930AC}.Debug|Any CPU.Build.0 = Debug|Any CPU
		{0BA91308-4F20-41BF-82CA-185B7AF930AC}.Release|Any CPU.ActiveCfg = Release|Any CPU
		{0BA91308-4F20-41BF-82CA-185B7AF930AC}.Release|Any CPU.Build.0 = Release|Any CPU
		{CC516CA0-79DF-4163-B7BC-D26F83BC339C}.Debug|Any CPU.ActiveCfg = Debug|Any CPU
		{CC516CA0-79DF-4163-B7BC-D26F83BC339C}.Debug|Any CPU.Build.0 = Debug|Any CPU
		{CC516CA0-79DF-4163-B7BC-D26F83BC339C}.Release|Any CPU.ActiveCfg = Release|Any CPU
		{CC516CA0-79DF-4163-B7BC-D26F83BC339C}.Release|Any CPU.Build.0 = Release|Any CPU
		{E8D19977-57D1-4460-97CF-0219A293E20A}.Debug|Any CPU.ActiveCfg = Debug|Any CPU
		{E8D19977-57D1-4460-97CF-0219A293E20A}.Debug|Any CPU.Build.0 = Debug|Any CPU
		{E8D19977-57D1-4460-97CF-0219A293E20A}.Release|Any CPU.ActiveCfg = Release|Any CPU
		{E8D19977-57D1-4460-97CF-0219A293E20A}.Release|Any CPU.Build.0 = Release|Any CPU
		{790DDD3D-AC4D-4837-8AD7-FFD58937993F}.Debug|Any CPU.ActiveCfg = Debug|Any CPU
		{790DDD3D-AC4D-4837-8AD7-FFD58937993F}.Debug|Any CPU.Build.0 = Debug|Any CPU
		{790DDD3D-AC4D-4837-8AD7-FFD58937993F}.Release|Any CPU.ActiveCfg = Release|Any CPU
		{790DDD3D-AC4D-4837-8AD7-FFD58937993F}.Release|Any CPU.Build.0 = Release|Any CPU
		{B10EBD6A-D919-4177-B4A8-0195A19AE519}.Debug|Any CPU.ActiveCfg = Debug|Any CPU
		{B10EBD6A-D919-4177-B4A8-0195A19AE519}.Debug|Any CPU.Build.0 = Debug|Any CPU
		{B10EBD6A-D919-4177-B4A8-0195A19AE519}.Release|Any CPU.ActiveCfg = Release|Any CPU
		{B10EBD6A-D919-4177-B4A8-0195A19AE519}.Release|Any CPU.Build.0 = Release|Any CPU
	EndGlobalSection
	GlobalSection(SolutionProperties) = preSolution
		HideSolutionNode = FALSE
	EndGlobalSection
	GlobalSection(NestedProjects) = preSolution
		{A068DB30-3745-44C3-A7C5-DD664AEA236D} = {C770907F-85BE-45CF-8FFF-2063807D321D}
		{21A0B370-CBEC-4D60-8A22-11B712A26681} = {23FD9425-2AD3-4562-A572-7E2C4A057C85}
		{0BA91308-4F20-41BF-82CA-185B7AF930AC} = {3CE9BA5C-1B85-4572-8AD9-BB42ED5F72B8}
		{CC516CA0-79DF-4163-B7BC-D26F83BC339C} = {1F0455FF-0C0D-4B1B-BA19-F840FF567630}
		{E8D19977-57D1-4460-97CF-0219A293E20A} = {23FD9425-2AD3-4562-A572-7E2C4A057C85}
		{790DDD3D-AC4D-4837-8AD7-FFD58937993F} = {3CE9BA5C-1B85-4572-8AD9-BB42ED5F72B8}
		{B10EBD6A-D919-4177-B4A8-0195A19AE519} = {C770907F-85BE-45CF-8FFF-2063807D321D}
	EndGlobalSection
	GlobalSection(ExtensibilityGlobals) = postSolution
		SolutionGuid = {4DB6B21D-8F7B-44DB-846B-494FE6DE88DF}
	EndGlobalSection
EndGlobal
