
Microsoft Visual Studio Solution File, Format Version 12.00
# Visual Studio 2013
VisualStudioVersion = 12.0.21005.1
MinimumVisualStudioVersion = 10.0.40219.1
Project("{FAE04EC0-301F-11D3-BF4B-00C04F79EFBC}") = "RealFarmSystem", "RealFarmSystem\RealFarmSystem.csproj", "{03CA6400-EF5A-4DAA-9F98-9EC191369701}"
EndProject
Project("{2150E333-8FDC-42A3-9474-1A3956D46DE8}") = "01-基础设施", "01-基础设施", "{93D29A8B-8F7B-4CC3-A0CC-DCCEADA425BE}"
EndProject
Project("{2150E333-8FDC-42A3-9474-1A3956D46DE8}") = "02-数据模型", "02-数据模型", "{F563DF9C-5248-4397-99F5-69EF3E7152E2}"
EndProject
Project("{2150E333-8FDC-42A3-9474-1A3956D46DE8}") = "03-应用服务层", "03-应用服务层", "{D36BE1A7-AC55-4070-92A3-E518FE2C479B}"
EndProject
Project("{2150E333-8FDC-42A3-9474-1A3956D46DE8}") = "04-表现层", "04-表现层", "{9869BAEF-65CC-4054-A683-BCFE34A4D0E2}"
EndProject
Project("{FAE04EC0-301F-11D3-BF4B-00C04F79EFBC}") = "RealFarm.Utils", "RealFarm.Utils\RealFarm.Utils.csproj", "{1DA76F02-049E-4614-BC4E-A26D9DFAF3A6}"
EndProject
Project("{FAE04EC0-301F-11D3-BF4B-00C04F79EFBC}") = "RealFarm.DbContext", "RealFarm.DbContext\RealFarm.DbContext.csproj", "{8D6B47C5-431D-49CE-BD35-A8CC01EC3A90}"
EndProject
Project("{FAE04EC0-301F-11D3-BF4B-00C04F79EFBC}") = "RealFarm.Entity", "RealFarm.Entity\RealFarm.Entity.csproj", "{69AB6A7A-2C2C-4406-A81E-046DC94867DC}"
EndProject
Project("{FAE04EC0-301F-11D3-BF4B-00C04F79EFBC}") = "RealFarm.Dto", "RealFarm.Dto\RealFarm.Dto.csproj", "{1F35B9ED-1B59-4C58-87EE-A8BD29B161F7}"
EndProject
Project("{FAE04EC0-301F-11D3-BF4B-00C04F79EFBC}") = "RealFarm.Enum", "RealFarm.Enum\RealFarm.Enum.csproj", "{983728B3-BD72-4180-A3F3-E5DF58C14D48}"
EndProject
Project("{FAE04EC0-301F-11D3-BF4B-00C04F79EFBC}") = "RealFarm.AppService", "RealFarm.AppService\RealFarm.AppService.csproj", "{E8A6DD45-98A7-4754-8610-0C6AD5CB5F96}"
EndProject
Project("{FAE04EC0-301F-11D3-BF4B-00C04F79EFBC}") = "Snowflake.Net", "Snowflake\Snowflake.Net.csproj", "{A964980D-9DF4-44F2-914E-FDEB000552D6}"
EndProject
Global
	GlobalSection(SolutionConfigurationPlatforms) = preSolution
		Debug|Any CPU = Debug|Any CPU
		Release|Any CPU = Release|Any CPU
	EndGlobalSection
	GlobalSection(ProjectConfigurationPlatforms) = postSolution
		{03CA6400-EF5A-4DAA-9F98-9EC191369701}.Debug|Any CPU.ActiveCfg = Debug|Any CPU
		{03CA6400-EF5A-4DAA-9F98-9EC191369701}.Debug|Any CPU.Build.0 = Debug|Any CPU
		{03CA6400-EF5A-4DAA-9F98-9EC191369701}.Release|Any CPU.ActiveCfg = Release|Any CPU
		{03CA6400-EF5A-4DAA-9F98-9EC191369701}.Release|Any CPU.Build.0 = Release|Any CPU
		{1DA76F02-049E-4614-BC4E-A26D9DFAF3A6}.Debug|Any CPU.ActiveCfg = Debug|Any CPU
		{1DA76F02-049E-4614-BC4E-A26D9DFAF3A6}.Debug|Any CPU.Build.0 = Debug|Any CPU
		{1DA76F02-049E-4614-BC4E-A26D9DFAF3A6}.Release|Any CPU.ActiveCfg = Release|Any CPU
		{1DA76F02-049E-4614-BC4E-A26D9DFAF3A6}.Release|Any CPU.Build.0 = Release|Any CPU
		{8D6B47C5-431D-49CE-BD35-A8CC01EC3A90}.Debug|Any CPU.ActiveCfg = Debug|Any CPU
		{8D6B47C5-431D-49CE-BD35-A8CC01EC3A90}.Debug|Any CPU.Build.0 = Debug|Any CPU
		{8D6B47C5-431D-49CE-BD35-A8CC01EC3A90}.Release|Any CPU.ActiveCfg = Release|Any CPU
		{8D6B47C5-431D-49CE-BD35-A8CC01EC3A90}.Release|Any CPU.Build.0 = Release|Any CPU
		{69AB6A7A-2C2C-4406-A81E-046DC94867DC}.Debug|Any CPU.ActiveCfg = Debug|Any CPU
		{69AB6A7A-2C2C-4406-A81E-046DC94867DC}.Debug|Any CPU.Build.0 = Debug|Any CPU
		{69AB6A7A-2C2C-4406-A81E-046DC94867DC}.Release|Any CPU.ActiveCfg = Release|Any CPU
		{69AB6A7A-2C2C-4406-A81E-046DC94867DC}.Release|Any CPU.Build.0 = Release|Any CPU
		{1F35B9ED-1B59-4C58-87EE-A8BD29B161F7}.Debug|Any CPU.ActiveCfg = Debug|Any CPU
		{1F35B9ED-1B59-4C58-87EE-A8BD29B161F7}.Debug|Any CPU.Build.0 = Debug|Any CPU
		{1F35B9ED-1B59-4C58-87EE-A8BD29B161F7}.Release|Any CPU.ActiveCfg = Release|Any CPU
		{1F35B9ED-1B59-4C58-87EE-A8BD29B161F7}.Release|Any CPU.Build.0 = Release|Any CPU
		{983728B3-BD72-4180-A3F3-E5DF58C14D48}.Debug|Any CPU.ActiveCfg = Debug|Any CPU
		{983728B3-BD72-4180-A3F3-E5DF58C14D48}.Debug|Any CPU.Build.0 = Debug|Any CPU
		{983728B3-BD72-4180-A3F3-E5DF58C14D48}.Release|Any CPU.ActiveCfg = Release|Any CPU
		{983728B3-BD72-4180-A3F3-E5DF58C14D48}.Release|Any CPU.Build.0 = Release|Any CPU
		{E8A6DD45-98A7-4754-8610-0C6AD5CB5F96}.Debug|Any CPU.ActiveCfg = Debug|Any CPU
		{E8A6DD45-98A7-4754-8610-0C6AD5CB5F96}.Debug|Any CPU.Build.0 = Debug|Any CPU
		{E8A6DD45-98A7-4754-8610-0C6AD5CB5F96}.Release|Any CPU.ActiveCfg = Release|Any CPU
		{E8A6DD45-98A7-4754-8610-0C6AD5CB5F96}.Release|Any CPU.Build.0 = Release|Any CPU
		{A964980D-9DF4-44F2-914E-FDEB000552D6}.Debug|Any CPU.ActiveCfg = Debug|Any CPU
		{A964980D-9DF4-44F2-914E-FDEB000552D6}.Debug|Any CPU.Build.0 = Debug|Any CPU
		{A964980D-9DF4-44F2-914E-FDEB000552D6}.Release|Any CPU.ActiveCfg = Release|Any CPU
		{A964980D-9DF4-44F2-914E-FDEB000552D6}.Release|Any CPU.Build.0 = Release|Any CPU
	EndGlobalSection
	GlobalSection(SolutionProperties) = preSolution
		HideSolutionNode = FALSE
	EndGlobalSection
	GlobalSection(NestedProjects) = preSolution
		{03CA6400-EF5A-4DAA-9F98-9EC191369701} = {9869BAEF-65CC-4054-A683-BCFE34A4D0E2}
		{1DA76F02-049E-4614-BC4E-A26D9DFAF3A6} = {93D29A8B-8F7B-4CC3-A0CC-DCCEADA425BE}
		{A964980D-9DF4-44F2-914E-FDEB000552D6} = {93D29A8B-8F7B-4CC3-A0CC-DCCEADA425BE}
		{8D6B47C5-431D-49CE-BD35-A8CC01EC3A90} = {F563DF9C-5248-4397-99F5-69EF3E7152E2}
		{69AB6A7A-2C2C-4406-A81E-046DC94867DC} = {F563DF9C-5248-4397-99F5-69EF3E7152E2}
		{1F35B9ED-1B59-4C58-87EE-A8BD29B161F7} = {D36BE1A7-AC55-4070-92A3-E518FE2C479B}
		{983728B3-BD72-4180-A3F3-E5DF58C14D48} = {D36BE1A7-AC55-4070-92A3-E518FE2C479B}
		{E8A6DD45-98A7-4754-8610-0C6AD5CB5F96} = {D36BE1A7-AC55-4070-92A3-E518FE2C479B}
	EndGlobalSection
EndGlobal
